
Microsoft Visual Studio Solution File, Format Version 12.00
# Visual Studio Version 16
VisualStudioVersion = 16.0.30309.148
MinimumVisualStudioVersion = 10.0.40219.1
Project("{FAE04EC0-301F-11D3-BF4B-00C04F79EFBC}") = "LiteCopy", "LiteCopy\LiteCopy.csproj", "{4A74CD6B-E57A-48CF-A491-51176A857FFC}"
EndProject
Global
	GlobalSection(SolutionConfigurationPlatforms) = preSolution
		Debug|Any CPU = Debug|Any CPU
		Release|Any CPU = Release|Any CPU
	EndGlobalSection
	GlobalSection(ProjectConfigurationPlatforms) = postSolution
		{4A74CD6B-E57A-48CF-A491-51176A857FFC}.Debug|Any CPU.ActiveCfg = Debug|Any CPU
		{4A74CD6B-E57A-48CF-A491-51176A857FFC}.Debug|Any CPU.Build.0 = Debug|Any CPU
		{4A74CD6B-E57A-48CF-A491-51176A857FFC}.Release|Any CPU.ActiveCfg = Release|Any CPU
		{4A74CD6B-E57A-48CF-A491-51176A857FFC}.Release|Any CPU.Build.0 = Release|Any CPU
	EndGlobalSection
	GlobalSection(SolutionProperties) = preSolution
		HideSolutionNode = FALSE
	EndGlobalSection
	GlobalSection(ExtensibilityGlobals) = postSolution
		SolutionGuid = {2D9DB617-145C-4851-BD22-04749F1093A1}
	EndGlobalSection
EndGlobal
